// !$*UTF8*$!
{
	archiveVersion = 1;
	classes = {
	};
	objectVersion = 46;
	objects = {

/* Begin PBXBuildFile section */
		62A26A5E1D36C0EC000691FE /* AppDelegate.swift in Sources */ = {isa = PBXBuildFile; fileRef = 62A26A5D1D36C0EC000691FE /* AppDelegate.swift */; };
		62A26A601D36C0EC000691FE /* ViewController.swift in Sources */ = {isa = PBXBuildFile; fileRef = 62A26A5F1D36C0EC000691FE /* ViewController.swift */; };
		62A26A631D36C0EC000691FE /* Main.storyboard in Resources */ = {isa = PBXBuildFile; fileRef = 62A26A611D36C0EC000691FE /* Main.storyboard */; };
		62A26A651D36C0ED000691FE /* Assets.xcassets in Resources */ = {isa = PBXBuildFile; fileRef = 62A26A641D36C0ED000691FE /* Assets.xcassets */; };
		62A26A681D36C0ED000691FE /* LaunchScreen.storyboard in Resources */ = {isa = PBXBuildFile; fileRef = 62A26A661D36C0ED000691FE /* LaunchScreen.storyboard */; };
		62A26A701D375BC8000691FE /* Minecraft.ttf in Resources */ = {isa = PBXBuildFile; fileRef = 62A26A6F1D375BC8000691FE /* Minecraft.ttf */; };
/* End PBXBuildFile section */

/* Begin PBXFileReference section */
		62A26A5A1D36C0EC000691FE /* Calculator.app */ = {isa = PBXFileReference; explicitFileType = wrapper.application; includeInIndex = 0; path = Calculator.app; sourceTree = BUILT_PRODUCTS_DIR; };
		62A26A5D1D36C0EC000691FE /* AppDelegate.swift */ = {isa = PBXFileReference; lastKnownFileType = sourcecode.swift; path = AppDelegate.swift; sourceTree = "<group>"; };
		62A26A5F1D36C0EC000691FE /* ViewController.swift */ = {isa = PBXFileReference; lastKnownFileType = sourcecode.swift; path = ViewController.swift; sourceTree = "<group>"; };
		62A26A621D36C0EC000691FE /* Base */ = {isa = PBXFileReference; lastKnownFileType = file.storyboard; name = Base; path = Base.lproj/Main.storyboard; sourceTree = "<group>"; };
		62A26A641D36C0ED000691FE /* Assets.xcassets */ = {isa = PBXFileReference; lastKnownFileType = folder.assetcatalog; path = Assets.xcassets; sourceTree = "<group>"; };
		62A26A671D36C0ED000691FE /* Base */ = {isa = PBXFileReference; lastKnownFileType = file.storyboard; name = Base; path = Base.lproj/LaunchScreen.storyboard; sourceTree = "<group>"; };
		62A26A691D36C0ED000691FE /* Info.plist */ = {isa = PBXFileReference; lastKnownFileType = text.plist.xml; path = Info.plist; sourceTree = "<group>"; };
		62A26A6F1D375BC8000691FE /* Minecraft.ttf */ = {isa = PBXFileReference; lastKnownFileType = file; path = Minecraft.ttf; sourceTree = "<group>"; };
/* End PBXFileReference section */

/* Begin PBXFrameworksBuildPhase section */
		62A26A571D36C0EC000691FE /* Frameworks */ = {
			isa = PBXFrameworksBuildPhase;
			buildActionMask = 2147483647;
			files = (
			);
			runOnlyForDeploymentPostprocessing = 0;
		};
/* End PBXFrameworksBuildPhase section */

/* Begin PBXGroup section */
		62A26A511D36C0EC000691FE = {
			isa = PBXGroup;
			children = (
				62A26A5C1D36C0EC000691FE /* Calculator */,
				62A26A5B1D36C0EC000691FE /* Products */,
			);
			sourceTree = "<group>";
		};
		62A26A5B1D36C0EC000691FE /* Products */ = {
			isa = PBXGroup;
			children = (
				62A26A5A1D36C0EC000691FE /* Calculator.app */,
			);
			name = Products;
			sourceTree = "<group>";
		};
		62A26A5C1D36C0EC000691FE /* Calculator */ = {
			isa = PBXGroup;
			children = (
				62A26A6F1D375BC8000691FE /* Minecraft.ttf */,
				62A26A5D1D36C0EC000691FE /* AppDelegate.swift */,
				62A26A5F1D36C0EC000691FE /* ViewController.swift */,
				62A26A611D36C0EC000691FE /* Main.storyboard */,
				62A26A641D36C0ED000691FE /* Assets.xcassets */,
				62A26A661D36C0ED000691FE /* LaunchScreen.storyboard */,
				62A26A691D36C0ED000691FE /* Info.plist */,
			);
			path = Calculator;
			sourceTree = "<group>";
		};
/* End PBXGroup section */

/* Begin PBXNativeTarget section */
		62A26A591D36C0EC000691FE /* Calculator */ = {
			isa = PBXNativeTarget;
			buildConfigurationList = 62A26A6C1D36C0ED000691FE /* Build configuration list for PBXNativeTarget "Calculator" */;
			buildPhases = (
				62A26A561D36C0EC000691FE /* Sources */,
				62A26A571D36C0EC000691FE /* Frameworks */,
				62A26A581D36C0EC000691FE /* Resources */,
			);
			buildRules = (
			);
			dependencies = (
			);
			name = Calculator;
			productName = Calculator;
			productReference = 62A26A5A1D36C0EC000691FE /* Calculator.app */;
			productType = "com.apple.product-type.application";
		};
/* End PBXNativeTarget section */

/* Begin PBXProject section */
		62A26A521D36C0EC000691FE /* Project object */ = {
			isa = PBXProject;
			attributes = {
				LastSwiftUpdateCheck = 0730;
				LastUpgradeCheck = 0730;
				ORGANIZATIONNAME = "Vandan Patel";
				TargetAttributes = {
					62A26A591D36C0EC000691FE = {
						CreatedOnToolsVersion = 7.3.1;
					};
				};
			};
			buildConfigurationList = 62A26A551D36C0EC000691FE /* Build configuration list for PBXProject "Calculator" */;
			compatibilityVersion = "Xcode 3.2";
			developmentRegion = English;
			hasScannedForEncodings = 0;
			knownRegions = (
				en,
				Base,
			);
			mainGroup = 62A26A511D36C0EC000691FE;
			productRefGroup = 62A26A5B1D36C0EC000691FE /* Products */;
			projectDirPath = "";
			projectRoot = "";
			targets = (
				62A26A591D36C0EC000691FE /* Calculator */,
			);
		};
/* End PBXProject section */

/* Begin PBXResourcesBuildPhase section */
		62A26A581D36C0EC000691FE /* Resources */ = {
			isa = PBXResourcesBuildPhase;
			buildActionMask = 2147483647;
			files = (
				62A26A681D36C0ED000691FE /* LaunchScreen.storyboard in Resources */,
				62A26A651D36C0ED000691FE /* Assets.xcassets in Resources */,
				62A26A701D375BC8000691FE /* Minecraft.ttf in Resources */,
				62A26A631D36C0EC000691FE /* Main.storyboard in Resources */,
			);
			runOnlyForDeploymentPostprocessing = 0;
		};
/* End PBXResourcesBuildPhase section */

/* Begin PBXSourcesBuildPhase section */
		62A26A561D36C0EC000691FE /* Sources */ = {
			isa = PBXSourcesBuildPhase;
			buildActionMask = 2147483647;
			files = (
				62A26A601D36C0EC000691FE /* ViewController.swift in Sources */,
				62A26A5E1D36C0EC000691FE /* AppDelegate.swift in Sources */,
			);
			runOnlyForDeploymentPostprocessing = 0;
		};
/* End PBXSourcesBuildPhase section */

/* Begin PBXVariantGroup section */
		62A26A611D36C0EC000691FE /* Main.storyboard */ = {
			isa = PBXVariantGroup;
			children = (
				62A26A621D36C0EC000691FE /* Base */,
			);
			name = Main.storyboard;
			sourceTree = "<group>";
		};
		62A26A661D36C0ED000691FE /* LaunchScreen.storyboard */ = {
			isa = PBXVariantGroup;
			children = (
				62A26A671D36C0ED000691FE /* Base */,
			);
			name = LaunchScreen.storyboard;
			sourceTree = "<group>";
		};
/* End PBXVariantGroup section */

/* Begin XCBuildConfiguration section */
		62A26A6A1D36C0ED000691FE /* Debug */ = {
			isa = XCBuildConfiguration;
			buildSettings = {
				ALWAYS_SEARCH_USER_PATHS = NO;
				CLANG_ANALYZER_NONNULL = YES;
				CLANG_CXX_LANGUAGE_STANDARD = "gnu++0x";
				CLANG_CXX_LIBRARY = "libc++";
				CLANG_ENABLE_MODULES = YES;
				CLANG_ENABLE_OBJC_ARC = YES;
				CLANG_WARN_BOOL_CONVERSION = YES;
				CLANG_WARN_CONSTANT_CONVERSION = YES;
				CLANG_WARN_DIRECT_OBJC_ISA_USAGE = YES_ERROR;
				CLANG_WARN_EMPTY_BODY = YES;
				CLANG_WARN_ENUM_CONVERSION = YES;
				CLANG_WARN_INT_CONVERSION = YES;
				CLANG_WARN_OBJC_ROOT_CLASS = YES_ERROR;
				CLANG_WARN_UNREACHABLE_CODE = YES;
				CLANG_WARN__DUPLICATE_METHOD_MATCH = YES;
				"CODE_SIGN_IDENTITY[sdk=iphoneos*]" = "iPhone Developer";
				COPY_PHASE_STRIP = NO;
				DEBUG_INFORMATION_FORMAT = dwarf;
				ENABLE_STRICT_OBJC_MSGSEND = YES;
				ENABLE_TESTABILITY = YES;
				GCC_C_LANGUAGE_STANDARD = gnu99;
				GCC_DYNAMIC_NO_PIC = NO;
				GCC_NO_COMMON_BLOCKS = YES;
				GCC_OPTIMIZATION_LEVEL = 0;
				GCC_PREPROCESSOR_DEFINITIONS = (
					"DEBUG=1",
					"$(inherited)",
				);
				GCC_WARN_64_TO_32_BIT_CONVERSION = YES;
				GCC_WARN_ABOUT_RETURN_TYPE = YES_ERROR;
				GCC_WARN_UNDECLARED_SELECTOR = YES;
				GCC_WARN_UNINITIALIZED_AUTOS = YES_AGGRESSIVE;
				GCC_WARN_UNUSED_FUNCTION = YES;
				GCC_WARN_UNUSED_VARIABLE = YES;
				IPHONEOS_DEPLOYMENT_TARGET = 9.3;
				MTL_ENABLE_DEBUG_INFO = YES;
				ONLY_ACTIVE_ARCH = YES;
				SDKROOT = iphoneos;
				SWIFT_OPTIMIZATION_LEVEL = "-Onone";
			};
			name = Debug;
		};
		62A26A6B1D36C0ED000691FE /* Release */ = {
			isa = XCBuildConfiguration;
			buildSettings = {
				ALWAYS_SEARCH_USER_PATHS = NO;
				CLANG_ANALYZER_NONNULL = YES;
				CLANG_CXX_LANGUAGE_STANDARD = "gnu++0x";
				CLANG_CXX_LIBRARY = "libc++";
				CLANG_ENABLE_MODULES = YES;
				CLANG_ENABLE_OBJC_ARC = YES;
				CLANG_WARN_BOOL_CONVERSION = YES;
				CLANG_WARN_CONSTANT_CONVERSION = YES;
				CLANG_WARN_DIRECT_OBJC_ISA_USAGE = YES_ERROR;
				CLANG_WARN_EMPTY_BODY = YES;
				CLANG_WARN_ENUM_CONVERSION = YES;
				CLANG_WARN_INT_CONVERSION = YES;
				CLANG_WARN_OBJC_ROOT_CLASS = YES_ERROR;
				CLANG_WARN_UNREACHABLE_CODE = YES;
				CLANG_WARN__DUPLICATE_METHOD_MATCH = YES;
				"CODE_SIGN_IDENTITY[sdk=iphoneos*]" = "iPhone Developer";
				COPY_PHASE_STRIP = NO;
				DEBUG_INFORMATION_FORMAT = "dwarf-with-dsym";
				ENABLE_NS_ASSERTIONS = NO;
				ENABLE_STRICT_OBJC_MSGSEND = YES;
				GCC_C_LANGUAGE_STANDARD = gnu99;
				GCC_NO_COMMON_BLOCKS = YES;
				GCC_WARN_64_TO_32_BIT_CONVERSION = YES;
				GCC_WARN_ABOUT_RETURN_TYPE = YES_ERROR;
				GCC_WARN_UNDECLARED_SELECTOR = YES;
				GCC_WARN_UNINITIALIZED_AUTOS = YES_AGGRESSIVE;
				GCC_WARN_UNUSED_FUNCTION = YES;
				GCC_WARN_UNUSED_VARIABLE = YES;
				IPHONEOS_DEPLOYMENT_TARGET = 9.3;
				MTL_ENABLE_DEBUG_INFO = NO;
				SDKROOT = iphoneos;
				VALIDATE_PRODUCT = YES;
			};
			name = Release;
		};
		62A26A6D1D36C0ED000691FE /* Debug */ = {
			isa = XCBuildConfiguration;
			buildSettings = {
				ASSETCATALOG_COMPILER_APPICON_NAME = AppIcon;
				INFOPLIST_FILE = Calculator/Info.plist;
				LD_RUNPATH_SEARCH_PATHS = "$(inherited) @executable_path/Frameworks";
				PRODUCT_BUNDLE_IDENTIFIER = com.vandanpatel.Calculator;
				PRODUCT_NAME = "$(TARGET_NAME)";
			};
			name = Debug;
		};
		62A26A6E1D36C0ED000691FE /* Release */ = {
			isa = XCBuildConfiguration;
			buildSettings = {
				ASSETCATALOG_COMPILER_APPICON_NAME = AppIcon;
				INFOPLIST_FILE = Calculator/Info.plist;
				LD_RUNPATH_SEARCH_PATHS = "$(inherited) @executable_path/Frameworks";
				PRODUCT_BUNDLE_IDENTIFIER = com.vandanpatel.Calculator;
				PRODUCT_NAME = "$(TARGET_NAME)";
			};
			name = Release;
		};
/* End XCBuildConfiguration section */

/* Begin XCConfigurationList section */
		62A26A551D36C0EC000691FE /* Build configuration list for PBXProject "Calculator" */ = {
			isa = XCConfigurationList;
			buildConfigurations = (
				62A26A6A1D36C0ED000691FE /* Debug */,
				62A26A6B1D36C0ED000691FE /* Release */,
			);
			defaultConfigurationIsVisible = 0;
			defaultConfigurationName = Release;
		};
		62A26A6C1D36C0ED000691FE /* Build configuration list for PBXNativeTarget "Calculator" */ = {
			isa = XCConfigurationList;
			buildConfigurations = (
				62A26A6D1D36C0ED000691FE /* Debug */,
				62A26A6E1D36C0ED000691FE /* Release */,
			);
			defaultConfigurationIsVisible = 0;
			defaultConfigurationName = Release;
		};
/* End XCConfigurationList section */
	};
	rootObject = 62A26A521D36C0EC000691FE /* Project object */;
}
